
Microsoft Visual Studio Solution File, Format Version 12.00
# Visual Studio Version 16
VisualStudioVersion = 16.0.30104.148
MinimumVisualStudioVersion = 10.0.40219.1
Project("{FAE04EC0-301F-11D3-BF4B-00C04F79EFBC}") = "PLANETAVERDE_API", "PLANETAVERDE_API.csproj", "{956ED499-ADAB-4581-B0BA-FE68880B1D87}"
EndProject
Global
	GlobalSection(SolutionConfigurationPlatforms) = preSolution
		Debug|Any CPU = Debug|Any CPU
		Release|Any CPU = Release|Any CPU
	EndGlobalSection
	GlobalSection(ProjectConfigurationPlatforms) = postSolution
		{956ED499-ADAB-4581-B0BA-FE68880B1D87}.Debug|Any CPU.ActiveCfg = Debug|Any CPU
		{956ED499-ADAB-4581-B0BA-FE68880B1D87}.Debug|Any CPU.Build.0 = Debug|Any CPU
		{956ED499-ADAB-4581-B0BA-FE68880B1D87}.Release|Any CPU.ActiveCfg = Release|Any CPU
		{956ED499-ADAB-4581-B0BA-FE68880B1D87}.Release|Any CPU.Build.0 = Release|Any CPU
	EndGlobalSection
	GlobalSection(SolutionProperties) = preSolution
		HideSolutionNode = FALSE
	EndGlobalSection
	GlobalSection(ExtensibilityGlobals) = postSolution
		SolutionGuid = {37445A83-89FA-4F93-BFEA-B4BB6FBB871E}
	EndGlobalSection
EndGlobal
